{
  "name": "eagle-popup",
  "version": "0.0.1",
  "lockfileVersion": 1,
  "requires": true,
  "dependencies": {
    "is-touch-device": {
      "version": "1.0.1",
      "resolved": "https://registry.npmjs.org/is-touch-device/-/is-touch-device-1.0.1.tgz",
      "integrity": "sha512-LAYzo9kMT1b2p19L/1ATGt2XcSilnzNlyvq6c0pbPRVisLbAPpLqr53tIJS00kvrTkj0HtR8U7+u8X0yR8lPSw=="
    },
    "sparrow-device-query": {
      "version": "1.0.0",
      "resolved": "https://registry.npmjs.org/sparrow-device-query/-/sparrow-device-query-1.0.0.tgz",
      "integrity": "sha512-cwLOA9qBDnj3Jcsv366dV7GBiU/23aeg11EPEO1lY8mjfhsPcPu789f1KAX8OskjJHov8dqILqiCYVobPUeUKg=="
    }
  }
}
